
Microsoft Visual Studio Solution File, Format Version 12.00
# Visual Studio Version 16
VisualStudioVersion = 16.0.29806.167
MinimumVisualStudioVersion = 10.0.40219.1
Project("{9A19103F-16F7-4668-BE54-9A1E7A4F7556}") = "MainProject.Common", "MainProject.Common\MainProject.Common.csproj", "{889C247F-5887-440B-9E84-BBFCA9C2B4A4}"
EndProject
Project("{9A19103F-16F7-4668-BE54-9A1E7A4F7556}") = "MainProject.Context", "MainProject.Context\MainProject.Context.csproj", "{BB763FFC-E0CA-4BB2-929A-C2C2F818796E}"
EndProject
Project("{9A19103F-16F7-4668-BE54-9A1E7A4F7556}") = "MainProject.Core", "MainProject.Core\MainProject.Core.csproj", "{FA0F2E9F-450B-42AE-BA5F-0875F0138A47}"
EndProject
Project("{9A19103F-16F7-4668-BE54-9A1E7A4F7556}") = "MainProject.Domain", "MainProject.Domain\MainProject.Domain.csproj", "{407269F3-B332-4646-96D7-9F08888EDD2F}"
EndProject
Project("{9A19103F-16F7-4668-BE54-9A1E7A4F7556}") = "MainProject.NotificationsHub", "MainProject.NotificationsHub\MainProject.NotificationsHub.csproj", "{59DA288F-03D9-454A-97DD-A8ED8A2209E7}"
EndProject
Project("{9A19103F-16F7-4668-BE54-9A1E7A4F7556}") = "MainProject.Services", "MainProject.Services\MainProject.Services.csproj", "{459792E4-AE82-434A-8EC8-BA0300890FF4}"
EndProject
Project("{9A19103F-16F7-4668-BE54-9A1E7A4F7556}") = "MainProject.Web", "MainProject.Web\MainProject.Web.csproj", "{E7D8E878-2A09-47E3-936B-F61C3935DE09}"
EndProject
Project("{9A19103F-16F7-4668-BE54-9A1E7A4F7556}") = "MainProject.AppSettingsEncryptor", "MainProject.AppSettingsEncryptor\MainProject.AppSettingsEncryptor.csproj", "{448A181A-3D04-43DD-A716-3DE4E52D5AFF}"
EndProject
Global
	GlobalSection(SolutionConfigurationPlatforms) = preSolution
		Debug|Any CPU = Debug|Any CPU
		Release|Any CPU = Release|Any CPU
	EndGlobalSection
	GlobalSection(ProjectConfigurationPlatforms) = postSolution
		{889C247F-5887-440B-9E84-BBFCA9C2B4A4}.Debug|Any CPU.ActiveCfg = Debug|Any CPU
		{889C247F-5887-440B-9E84-BBFCA9C2B4A4}.Debug|Any CPU.Build.0 = Debug|Any CPU
		{889C247F-5887-440B-9E84-BBFCA9C2B4A4}.Release|Any CPU.ActiveCfg = Release|Any CPU
		{889C247F-5887-440B-9E84-BBFCA9C2B4A4}.Release|Any CPU.Build.0 = Release|Any CPU
		{BB763FFC-E0CA-4BB2-929A-C2C2F818796E}.Debug|Any CPU.ActiveCfg = Debug|Any CPU
		{BB763FFC-E0CA-4BB2-929A-C2C2F818796E}.Debug|Any CPU.Build.0 = Debug|Any CPU
		{BB763FFC-E0CA-4BB2-929A-C2C2F818796E}.Release|Any CPU.ActiveCfg = Release|Any CPU
		{BB763FFC-E0CA-4BB2-929A-C2C2F818796E}.Release|Any CPU.Build.0 = Release|Any CPU
		{FA0F2E9F-450B-42AE-BA5F-0875F0138A47}.Debug|Any CPU.ActiveCfg = Debug|Any CPU
		{FA0F2E9F-450B-42AE-BA5F-0875F0138A47}.Debug|Any CPU.Build.0 = Debug|Any CPU
		{FA0F2E9F-450B-42AE-BA5F-0875F0138A47}.Release|Any CPU.ActiveCfg = Release|Any CPU
		{FA0F2E9F-450B-42AE-BA5F-0875F0138A47}.Release|Any CPU.Build.0 = Release|Any CPU
		{407269F3-B332-4646-96D7-9F08888EDD2F}.Debug|Any CPU.ActiveCfg = Debug|Any CPU
		{407269F3-B332-4646-96D7-9F08888EDD2F}.Debug|Any CPU.Build.0 = Debug|Any CPU
		{407269F3-B332-4646-96D7-9F08888EDD2F}.Release|Any CPU.ActiveCfg = Release|Any CPU
		{407269F3-B332-4646-96D7-9F08888EDD2F}.Release|Any CPU.Build.0 = Release|Any CPU
		{59DA288F-03D9-454A-97DD-A8ED8A2209E7}.Debug|Any CPU.ActiveCfg = Debug|Any CPU
		{59DA288F-03D9-454A-97DD-A8ED8A2209E7}.Debug|Any CPU.Build.0 = Debug|Any CPU
		{59DA288F-03D9-454A-97DD-A8ED8A2209E7}.Release|Any CPU.ActiveCfg = Release|Any CPU
		{59DA288F-03D9-454A-97DD-A8ED8A2209E7}.Release|Any CPU.Build.0 = Release|Any CPU
		{459792E4-AE82-434A-8EC8-BA0300890FF4}.Debug|Any CPU.ActiveCfg = Debug|Any CPU
		{459792E4-AE82-434A-8EC8-BA0300890FF4}.Debug|Any CPU.Build.0 = Debug|Any CPU
		{459792E4-AE82-434A-8EC8-BA0300890FF4}.Release|Any CPU.ActiveCfg = Release|Any CPU
		{459792E4-AE82-434A-8EC8-BA0300890FF4}.Release|Any CPU.Build.0 = Release|Any CPU
		{E7D8E878-2A09-47E3-936B-F61C3935DE09}.Debug|Any CPU.ActiveCfg = Debug|Any CPU
		{E7D8E878-2A09-47E3-936B-F61C3935DE09}.Debug|Any CPU.Build.0 = Debug|Any CPU
		{E7D8E878-2A09-47E3-936B-F61C3935DE09}.Release|Any CPU.ActiveCfg = Release|Any CPU
		{E7D8E878-2A09-47E3-936B-F61C3935DE09}.Release|Any CPU.Build.0 = Release|Any CPU
		{448A181A-3D04-43DD-A716-3DE4E52D5AFF}.Debug|Any CPU.ActiveCfg = Debug|Any CPU
		{448A181A-3D04-43DD-A716-3DE4E52D5AFF}.Debug|Any CPU.Build.0 = Debug|Any CPU
		{448A181A-3D04-43DD-A716-3DE4E52D5AFF}.Release|Any CPU.ActiveCfg = Release|Any CPU
		{448A181A-3D04-43DD-A716-3DE4E52D5AFF}.Release|Any CPU.Build.0 = Release|Any CPU
	EndGlobalSection
	GlobalSection(SolutionProperties) = preSolution
		HideSolutionNode = FALSE
	EndGlobalSection
	GlobalSection(ExtensibilityGlobals) = postSolution
		SolutionGuid = {92E01DB1-E355-48BC-AF7B-B27A7537E060}
	EndGlobalSection
EndGlobal
